
Microsoft Visual Studio Solution File, Format Version 11.00
# Visual Studio 2010
Project("{8BC9CEB8-8B4A-11D0-8D11-00A0C91BC942}") = "MsSqlTest", "MsSqlTest\MsSqlTest.vcxproj", "{26D636B2-7C73-47FC-BB58-58F25F30E07B}"
EndProject
Global
	GlobalSection(SolutionConfigurationPlatforms) = preSolution
		Debug|Win32 = Debug|Win32
		Release|Win32 = Release|Win32
	EndGlobalSection
	GlobalSection(ProjectConfigurationPlatforms) = postSolution
		{26D636B2-7C73-47FC-BB58-58F25F30E07B}.Debug|Win32.ActiveCfg = Debug|Win32
		{26D636B2-7C73-47FC-BB58-58F25F30E07B}.Debug|Win32.Build.0 = Debug|Win32
		{26D636B2-7C73-47FC-BB58-58F25F30E07B}.Release|Win32.ActiveCfg = Release|Win32
		{26D636B2-7C73-47FC-BB58-58F25F30E07B}.Release|Win32.Build.0 = Release|Win32
	EndGlobalSection
	GlobalSection(SolutionProperties) = preSolution
		HideSolutionNode = FALSE
	EndGlobalSection
EndGlobal
