<?xml version="1.0" encoding="UTF-8" standalone="yes" ?>
<CodeBlocks_project_file>
	<FileVersion major="1" minor="6" />
	<Project>
		<Option title="OracleSqlTest" />
		<Option pch_mode="2" />
		<Option compiler="gcc" />
		<Build>
			<Target title="Debug">
				<Option output="bin/Debug/OracleSqlTest" prefix_auto="1" extension_auto="1" />
				<Option object_output="obj/Debug/" />
				<Option type="0" />
				<Option compiler="gcc" />
				<Option projectLinkerOptionsRelation="2" />
				<Compiler>
					<Add option="-g" />
					<Add directory="C:/wxWidgets-3.0.2/lib/gcc_dll/mswu" />
					<Add directory="include" />
				</Compiler>
				<ResourceCompiler>
					<Add directory="C:/wxWidgets-3.0.2/lib/gcc_dll/mswu" />
				</ResourceCompiler>
				<Linker>
					<Add library="libwxmsw30u.a" />
					<Add directory="C:/wxWidgets-3.0.2/lib/gcc_dll" />
				</Linker>
			</Target>
			<Target title="Release">
				<Option output="bin/Release/OracleSqlTest" prefix_auto="1" extension_auto="1" />
				<Option object_output="obj/Release/" />
				<Option type="0" />
				<Option compiler="gcc" />
				<Option projectLinkerOptionsRelation="2" />
				<Compiler>
					<Add option="-O2" />
					<Add directory="C:/wxWidgets-3.0.2/lib/gcc_dll/mswu" />
					<Add directory="include" />
				</Compiler>
				<ResourceCompiler>
					<Add directory="C:/wxWidgets-3.0.2/lib/gcc_dll/mswu" />
				</ResourceCompiler>
				<Linker>
					<Add option="-s" />
					<Add library="libwxmsw30u.a" />
					<Add directory="C:/wxWidgets-3.0.2/lib/gcc_dll" />
				</Linker>
			</Target>
		</Build>
		<Compiler>
			<Add option="-Wall" />
			<Add option="-pipe" />
			<Add option="-mthreads" />
			<Add option="-D__GNUWIN32__" />
			<Add option="-D__WXMSW__" />
			<Add option="-DWXUSINGDLL" />
			<Add option="-DwxUSE_UNICODE" />
			<Add directory="C:/wxWidgets-3.0.2/include" />
		</Compiler>
		<ResourceCompiler>
			<Add directory="C:/wxWidgets-3.0.2/include" />
		</ResourceCompiler>
		<Linker>
			<Add option="-mthreads" />
			<Add library="C:\Oraclex86\ocilib\lib32\ociliba.lib" />
			<Add library="C:\Oraclex86\ocilib\lib32\ocilibw.lib" />
		</Linker>
		<Unit filename="include/MyFrame1.h" />
		<Unit filename="include/MyFrame2.h" />
		<Unit filename="include/MyFrame3.h" />
		<Unit filename="include/MyFrame4.h" />
		<Unit filename="include/OracleSqlTestApp.h" />
		<Unit filename="include/Person.h" />
		<Unit filename="include/Relation.h" />
		<Unit filename="include/Relationship.h" />
		<Unit filename="src/MyFrame1.cpp" />
		<Unit filename="src/MyFrame2.cpp" />
		<Unit filename="src/MyFrame3.cpp" />
		<Unit filename="src/MyFrame4.cpp" />
		<Unit filename="src/OracleSqlTestApp.cpp" />
		<Unit filename="src/Person.cpp" />
		<Unit filename="src/Relation.cpp" />
		<Unit filename="src/Relationship.cpp" />
		<Extensions>
			<code_completion />
			<envvars />
			<debugger />
		</Extensions>
	</Project>
</CodeBlocks_project_file>
